
Microsoft Visual Studio Solution File, Format Version 12.00
# Visual Studio Version 16
VisualStudioVersion = 16.0.30503.244
MinimumVisualStudioVersion = 10.0.40219.1
Project("{FAE04EC0-301F-11D3-BF4B-00C04F79EFBC}") = "ResolutionNewYear", "ResolutionNewYear\ResolutionNewYear.csproj", "{CFE00002-DBB7-4BBB-BA4D-FD88BE23986C}"
EndProject
Global
	GlobalSection(SolutionConfigurationPlatforms) = preSolution
		Debug|Any CPU = Debug|Any CPU
		Release|Any CPU = Release|Any CPU
	EndGlobalSection
	GlobalSection(ProjectConfigurationPlatforms) = postSolution
		{CFE00002-DBB7-4BBB-BA4D-FD88BE23986C}.Debug|Any CPU.ActiveCfg = Debug|Any CPU
		{CFE00002-DBB7-4BBB-BA4D-FD88BE23986C}.Debug|Any CPU.Build.0 = Debug|Any CPU
		{CFE00002-DBB7-4BBB-BA4D-FD88BE23986C}.Release|Any CPU.ActiveCfg = Release|Any CPU
		{CFE00002-DBB7-4BBB-BA4D-FD88BE23986C}.Release|Any CPU.Build.0 = Release|Any CPU
	EndGlobalSection
	GlobalSection(SolutionProperties) = preSolution
		HideSolutionNode = FALSE
	EndGlobalSection
	GlobalSection(ExtensibilityGlobals) = postSolution
		SolutionGuid = {77CD05F6-6992-46B7-9628-D3764AD2F281}
	EndGlobalSection
EndGlobal
